
Microsoft Visual Studio Solution File, Format Version 12.00
# Visual Studio Version 16
VisualStudioVersion = 16.0.30011.22
MinimumVisualStudioVersion = 10.0.40219.1
Project("{888888A0-9F3D-457C-B088-3A5042F75D52}") = "Twitter_Bot", "Twitter_Bot\Twitter_Bot.pyproj", "{F72ED83F-822C-4BCC-BB1A-8B1B06FB6BE1}"
EndProject
Global
	GlobalSection(SolutionConfigurationPlatforms) = preSolution
		Debug|Any CPU = Debug|Any CPU
		Release|Any CPU = Release|Any CPU
	EndGlobalSection
	GlobalSection(ProjectConfigurationPlatforms) = postSolution
		{F72ED83F-822C-4BCC-BB1A-8B1B06FB6BE1}.Debug|Any CPU.ActiveCfg = Debug|Any CPU
		{F72ED83F-822C-4BCC-BB1A-8B1B06FB6BE1}.Release|Any CPU.ActiveCfg = Release|Any CPU
	EndGlobalSection
	GlobalSection(SolutionProperties) = preSolution
		HideSolutionNode = FALSE
	EndGlobalSection
	GlobalSection(ExtensibilityGlobals) = postSolution
		SolutionGuid = {10980941-62A9-4388-A075-F5DC02FDF2A4}
	EndGlobalSection
EndGlobal
